PODS:
  - Flutter (1.0.0)
  - flutter_youtube (0.0.1):
    - Flutter
    - XCDYouTubeKit
  - XCDYouTubeKit (2.14.0)

DEPENDENCIES:
  - Flutter (from `Flutter`)
  - flutter_youtube (from `.symlinks/plugins/flutter_youtube/ios`)

SPEC REPOS:
  trunk:
    - XCDYouTubeKit

EXTERNAL SOURCES:
  Flutter:
    :path: Flutter
  flutter_youtube:
    :path: ".symlinks/plugins/flutter_youtube/ios"

SPEC CHECKSUMS:
  Flutter: 0e3d915762c693b495b44d77113d4970485de6ec
  flutter_youtube: 142f8d5af0a11963bdc73e13bcae6eb78db746c2
  XCDYouTubeKit: 04a2f89dca6c5c53d1786701a0e98dcb484be7a8

PODFILE CHECKSUM: f32fb4e7c14f8b3ca19a369d7be425dd9241af27

COCOAPODS: 1.9.3
